
Microsoft Visual Studio Solution File, Format Version 12.00
# Visual Studio 15
VisualStudioVersion = 15.0.26124.0
MinimumVisualStudioVersion = 15.0.26124.0
Project("{2150E333-8FDC-42A3-9474-1A3956D46DE8}") = "src", "src", "{95310EC2-D2A5-416F-A172-9DA0727BE109}"
EndProject
Project("{FAE04EC0-301F-11D3-BF4B-00C04F79EFBC}") = "Aelfweard.DnsClient", "src\Aelfweard.DnsClient\Aelfweard.DnsClient.csproj", "{CDFFE18E-1AC3-4DBD-BEE4-78AAC207E79B}"
EndProject
Project("{FAE04EC0-301F-11D3-BF4B-00C04F79EFBC}") = "Aelfweard.Dns", "src\Aelfweard.Dns\Aelfweard.Dns.csproj", "{E65EE945-C067-4F61-AB59-F427A7E194DF}"
EndProject
Project("{2150E333-8FDC-42A3-9474-1A3956D46DE8}") = "test", "test", "{4C6DB5AE-D31A-468F-8BFF-1F2C7B929B03}"
EndProject
Project("{FAE04EC0-301F-11D3-BF4B-00C04F79EFBC}") = "Aelfweard.Dns.Tests", "test\Aelfweard.Dns.Tests\Aelfweard.Dns.Tests.csproj", "{FAD52D67-0CC6-44AB-BAEE-9D34E315850D}"
EndProject
Project("{FAE04EC0-301F-11D3-BF4B-00C04F79EFBC}") = "Aelfweard.DnsClient.Tests", "test\Aelfweard.DnsClient.Tests\Aelfweard.DnsClient.Tests.csproj", "{371A71A5-3ADF-4078-A92C-3500C4C60214}"
EndProject
Project("{FAE04EC0-301F-11D3-BF4B-00C04F79EFBC}") = "Aelfweard.Console", "src\Aelfweard.Console\Aelfweard.Console.csproj", "{43B4B7BC-3F6C-40E0-9C45-E4D4B0A6A08A}"
EndProject
Global
	GlobalSection(SolutionConfigurationPlatforms) = preSolution
		Debug|Any CPU = Debug|Any CPU
		Debug|x64 = Debug|x64
		Debug|x86 = Debug|x86
		Release|Any CPU = Release|Any CPU
		Release|x64 = Release|x64
		Release|x86 = Release|x86
	EndGlobalSection
	GlobalSection(SolutionProperties) = preSolution
		HideSolutionNode = FALSE
	EndGlobalSection
	GlobalSection(ProjectConfigurationPlatforms) = postSolution
		{CDFFE18E-1AC3-4DBD-BEE4-78AAC207E79B}.Debug|Any CPU.ActiveCfg = Debug|Any CPU
		{CDFFE18E-1AC3-4DBD-BEE4-78AAC207E79B}.Debug|Any CPU.Build.0 = Debug|Any CPU
		{CDFFE18E-1AC3-4DBD-BEE4-78AAC207E79B}.Debug|x64.ActiveCfg = Debug|x64
		{CDFFE18E-1AC3-4DBD-BEE4-78AAC207E79B}.Debug|x64.Build.0 = Debug|x64
		{CDFFE18E-1AC3-4DBD-BEE4-78AAC207E79B}.Debug|x86.ActiveCfg = Debug|x86
		{CDFFE18E-1AC3-4DBD-BEE4-78AAC207E79B}.Debug|x86.Build.0 = Debug|x86
		{CDFFE18E-1AC3-4DBD-BEE4-78AAC207E79B}.Release|Any CPU.ActiveCfg = Release|Any CPU
		{CDFFE18E-1AC3-4DBD-BEE4-78AAC207E79B}.Release|Any CPU.Build.0 = Release|Any CPU
		{CDFFE18E-1AC3-4DBD-BEE4-78AAC207E79B}.Release|x64.ActiveCfg = Release|x64
		{CDFFE18E-1AC3-4DBD-BEE4-78AAC207E79B}.Release|x64.Build.0 = Release|x64
		{CDFFE18E-1AC3-4DBD-BEE4-78AAC207E79B}.Release|x86.ActiveCfg = Release|x86
		{CDFFE18E-1AC3-4DBD-BEE4-78AAC207E79B}.Release|x86.Build.0 = Release|x86
		{E65EE945-C067-4F61-AB59-F427A7E194DF}.Debug|Any CPU.ActiveCfg = Debug|Any CPU
		{E65EE945-C067-4F61-AB59-F427A7E194DF}.Debug|Any CPU.Build.0 = Debug|Any CPU
		{E65EE945-C067-4F61-AB59-F427A7E194DF}.Debug|x64.ActiveCfg = Debug|Any CPU
		{E65EE945-C067-4F61-AB59-F427A7E194DF}.Debug|x64.Build.0 = Debug|Any CPU
		{E65EE945-C067-4F61-AB59-F427A7E194DF}.Debug|x86.ActiveCfg = Debug|Any CPU
		{E65EE945-C067-4F61-AB59-F427A7E194DF}.Debug|x86.Build.0 = Debug|Any CPU
		{E65EE945-C067-4F61-AB59-F427A7E194DF}.Release|Any CPU.ActiveCfg = Release|Any CPU
		{E65EE945-C067-4F61-AB59-F427A7E194DF}.Release|Any CPU.Build.0 = Release|Any CPU
		{E65EE945-C067-4F61-AB59-F427A7E194DF}.Release|x64.ActiveCfg = Release|Any CPU
		{E65EE945-C067-4F61-AB59-F427A7E194DF}.Release|x64.Build.0 = Release|Any CPU
		{E65EE945-C067-4F61-AB59-F427A7E194DF}.Release|x86.ActiveCfg = Release|Any CPU
		{E65EE945-C067-4F61-AB59-F427A7E194DF}.Release|x86.Build.0 = Release|Any CPU
		{FAD52D67-0CC6-44AB-BAEE-9D34E315850D}.Debug|Any CPU.ActiveCfg = Debug|Any CPU
		{FAD52D67-0CC6-44AB-BAEE-9D34E315850D}.Debug|Any CPU.Build.0 = Debug|Any CPU
		{FAD52D67-0CC6-44AB-BAEE-9D34E315850D}.Debug|x64.ActiveCfg = Debug|Any CPU
		{FAD52D67-0CC6-44AB-BAEE-9D34E315850D}.Debug|x64.Build.0 = Debug|Any CPU
		{FAD52D67-0CC6-44AB-BAEE-9D34E315850D}.Debug|x86.ActiveCfg = Debug|Any CPU
		{FAD52D67-0CC6-44AB-BAEE-9D34E315850D}.Debug|x86.Build.0 = Debug|Any CPU
		{FAD52D67-0CC6-44AB-BAEE-9D34E315850D}.Release|Any CPU.ActiveCfg = Release|Any CPU
		{FAD52D67-0CC6-44AB-BAEE-9D34E315850D}.Release|Any CPU.Build.0 = Release|Any CPU
		{FAD52D67-0CC6-44AB-BAEE-9D34E315850D}.Release|x64.ActiveCfg = Release|Any CPU
		{FAD52D67-0CC6-44AB-BAEE-9D34E315850D}.Release|x64.Build.0 = Release|Any CPU
		{FAD52D67-0CC6-44AB-BAEE-9D34E315850D}.Release|x86.ActiveCfg = Release|Any CPU
		{FAD52D67-0CC6-44AB-BAEE-9D34E315850D}.Release|x86.Build.0 = Release|Any CPU
		{371A71A5-3ADF-4078-A92C-3500C4C60214}.Debug|Any CPU.ActiveCfg = Debug|Any CPU
		{371A71A5-3ADF-4078-A92C-3500C4C60214}.Debug|Any CPU.Build.0 = Debug|Any CPU
		{371A71A5-3ADF-4078-A92C-3500C4C60214}.Debug|x64.ActiveCfg = Debug|x64
		{371A71A5-3ADF-4078-A92C-3500C4C60214}.Debug|x64.Build.0 = Debug|x64
		{371A71A5-3ADF-4078-A92C-3500C4C60214}.Debug|x86.ActiveCfg = Debug|x86
		{371A71A5-3ADF-4078-A92C-3500C4C60214}.Debug|x86.Build.0 = Debug|x86
		{371A71A5-3ADF-4078-A92C-3500C4C60214}.Release|Any CPU.ActiveCfg = Release|Any CPU
		{371A71A5-3ADF-4078-A92C-3500C4C60214}.Release|Any CPU.Build.0 = Release|Any CPU
		{371A71A5-3ADF-4078-A92C-3500C4C60214}.Release|x64.ActiveCfg = Release|x64
		{371A71A5-3ADF-4078-A92C-3500C4C60214}.Release|x64.Build.0 = Release|x64
		{371A71A5-3ADF-4078-A92C-3500C4C60214}.Release|x86.ActiveCfg = Release|x86
		{371A71A5-3ADF-4078-A92C-3500C4C60214}.Release|x86.Build.0 = Release|x86
		{43B4B7BC-3F6C-40E0-9C45-E4D4B0A6A08A}.Debug|Any CPU.ActiveCfg = Debug|Any CPU
		{43B4B7BC-3F6C-40E0-9C45-E4D4B0A6A08A}.Debug|Any CPU.Build.0 = Debug|Any CPU
		{43B4B7BC-3F6C-40E0-9C45-E4D4B0A6A08A}.Debug|x64.ActiveCfg = Debug|Any CPU
		{43B4B7BC-3F6C-40E0-9C45-E4D4B0A6A08A}.Debug|x64.Build.0 = Debug|Any CPU
		{43B4B7BC-3F6C-40E0-9C45-E4D4B0A6A08A}.Debug|x86.ActiveCfg = Debug|Any CPU
		{43B4B7BC-3F6C-40E0-9C45-E4D4B0A6A08A}.Debug|x86.Build.0 = Debug|Any CPU
		{43B4B7BC-3F6C-40E0-9C45-E4D4B0A6A08A}.Release|Any CPU.ActiveCfg = Release|Any CPU
		{43B4B7BC-3F6C-40E0-9C45-E4D4B0A6A08A}.Release|Any CPU.Build.0 = Release|Any CPU
		{43B4B7BC-3F6C-40E0-9C45-E4D4B0A6A08A}.Release|x64.ActiveCfg = Release|Any CPU
		{43B4B7BC-3F6C-40E0-9C45-E4D4B0A6A08A}.Release|x64.Build.0 = Release|Any CPU
		{43B4B7BC-3F6C-40E0-9C45-E4D4B0A6A08A}.Release|x86.ActiveCfg = Release|Any CPU
		{43B4B7BC-3F6C-40E0-9C45-E4D4B0A6A08A}.Release|x86.Build.0 = Release|Any CPU
	EndGlobalSection
	GlobalSection(NestedProjects) = preSolution
		{CDFFE18E-1AC3-4DBD-BEE4-78AAC207E79B} = {95310EC2-D2A5-416F-A172-9DA0727BE109}
		{E65EE945-C067-4F61-AB59-F427A7E194DF} = {95310EC2-D2A5-416F-A172-9DA0727BE109}
		{FAD52D67-0CC6-44AB-BAEE-9D34E315850D} = {4C6DB5AE-D31A-468F-8BFF-1F2C7B929B03}
		{371A71A5-3ADF-4078-A92C-3500C4C60214} = {4C6DB5AE-D31A-468F-8BFF-1F2C7B929B03}
		{43B4B7BC-3F6C-40E0-9C45-E4D4B0A6A08A} = {95310EC2-D2A5-416F-A172-9DA0727BE109}
	EndGlobalSection
EndGlobal
